
Microsoft Visual Studio Solution File, Format Version 12.00
# Visual Studio Version 16
VisualStudioVersion = 16.0.31424.327
MinimumVisualStudioVersion = 10.0.40219.1
Project("{FAE04EC0-301F-11D3-BF4B-00C04F79EFBC}") = "helloworld", "helloworld\helloworld.csproj", "{8E05337B-0A5E-4B3C-8D39-834BB9B89562}"
EndProject
Global
	GlobalSection(SolutionConfigurationPlatforms) = preSolution
		Debug|Any CPU = Debug|Any CPU
		Release|Any CPU = Release|Any CPU
	EndGlobalSection
	GlobalSection(ProjectConfigurationPlatforms) = postSolution
		{8E05337B-0A5E-4B3C-8D39-834BB9B89562}.Debug|Any CPU.ActiveCfg = Debug|Any CPU
		{8E05337B-0A5E-4B3C-8D39-834BB9B89562}.Debug|Any CPU.Build.0 = Debug|Any CPU
		{8E05337B-0A5E-4B3C-8D39-834BB9B89562}.Release|Any CPU.ActiveCfg = Release|Any CPU
		{8E05337B-0A5E-4B3C-8D39-834BB9B89562}.Release|Any CPU.Build.0 = Release|Any CPU
	EndGlobalSection
	GlobalSection(SolutionProperties) = preSolution
		HideSolutionNode = FALSE
	EndGlobalSection
	GlobalSection(ExtensibilityGlobals) = postSolution
		SolutionGuid = {F7614313-6D75-44B4-8B33-232E4E32A811}
	EndGlobalSection
EndGlobal
